{
  "name": "AsciidocToReveal",
  "lockfileVersion": 3,
  "requires": true,
  "DESCRIPTION": [
    "The dependencies are managed by Deno in deno.json.",
    "This file makes sure Parcel doesn't trigger OOMs while bundling the lib/deckBase.mjs.",
    "See : https://github.com/parcel-bundler/parcel/issues/5261#issuecomment-2710403855"
  ],
  "packages": {}
}
